{
  "name": "tutorial",
  "version": "0.1.0",
  "dependencies": {
    "prompt": {
      "version": "0.1.12",
      "from": "prompt@0.1.x",
      "dependencies": {
        "async": {
          "version": "0.1.22",
          "from": "async@0.1.x"
        },
        "pkginfo": {
          "version": "0.3.0",
          "from": "pkginfo@0.x.x"
        },
        "winston": {
          "version": "0.5.11",
          "from": "winston@0.5.x",
          "dependencies": {
            "eyes": {
              "version": "0.1.8",
              "from": "eyes@0.1.x"
            },
            "loggly": {
              "version": "0.3.11",
              "from": "loggly@0.3.x >=0.3.7",
              "dependencies": {
                "request": {
                  "version": "2.9.203",
                  "from": "request@2.9.x"
                },
                "timespan": {
                  "version": "2.2.0",
                  "from": "timespan@2.x.x"
                }
              }
            },
            "pkginfo": {
              "version": "0.2.3",
              "from": "pkginfo@0.2.x"
            },
            "stack-trace": {
              "version": "0.0.6",
              "from": "stack-trace@0.0.x"
            }
          }
        }
      }
    },
    "wrench": {
      "version": "1.3.9",
      "from": "wrench@1.3.x"
    },
    "colors": {
      "version": "0.6.0-1",
      "from": "colors@0.6.x"
    },
    "semver": {
      "version": "1.1.4",
      "from": "semver@~1.1.x"
    },
    "grunt": {
      "version": "0.3.17",
      "from": "grunt@~0.3.x",
      "dependencies": {
        "async": {
          "version": "0.1.22",
          "from": "async@~0.1.18"
        },
        "connect": {
          "version": "2.4.6",
          "from": "connect@~2.4.4",
          "dependencies": {
            "qs": {
              "version": "0.5.1",
              "from": "qs@0.5.1",
              "resolved": "https://registry.npmjs.org/qs/-/qs-0.5.1.tgz"
            },
            "formidable": {
              "version": "1.0.11",
              "from": "formidable@1.0.11",
              "resolved": "https://registry.npmjs.org/formidable/-/formidable-1.0.11.tgz"
            },
            "crc": {
              "version": "0.2.0",
              "from": "crc@0.2.0"
            },
            "cookie": {
              "version": "0.0.4",
              "from": "cookie@0.0.4",
              "resolved": "https://registry.npmjs.org/cookie/-/cookie-0.0.4.tgz"
            },
            "bytes": {
              "version": "0.1.0",
              "from": "bytes@0.1.0"
            },
            "send": {
              "version": "0.0.4",
              "from": "send@0.0.4",
              "dependencies": {
                "mime": {
                  "version": "1.2.6",
                  "from": "mime@1.2.6"
                },
                "range-parser": {
                  "version": "0.0.4",
                  "from": "range-parser@0.0.4"
                }
              }
            },
            "fresh": {
              "version": "0.1.0",
              "from": "fresh@0.1.0"
            },
            "pause": {
              "version": "0.0.1",
              "from": "pause@0.0.1"
            },
            "debug": {
              "version": "0.7.2",
              "from": "debug@*"
            }
          }
        },
        "dateformat": {
          "version": "1.0.2-1.2.3",
          "from": "dateformat@1.0.2-1.2.3",
          "resolved": "https://registry.npmjs.org/dateformat/-/dateformat-1.0.2-1.2.3.tgz"
        },
        "glob-whatev": {
          "version": "0.1.8",
          "from": "glob-whatev@~0.1.4",
          "dependencies": {
            "minimatch": {
              "version": "0.2.12",
              "from": "minimatch@~0.2.5",
              "dependencies": {
                "lru-cache": {
                  "version": "2.3.0",
                  "from": "lru-cache@2"
                },
                "sigmund": {
                  "version": "1.0.0",
                  "from": "sigmund@~1.0.0"
                }
              }
            }
          }
        },
        "hooker": {
          "version": "0.2.3",
          "from": "hooker@~0.2.3"
        },
        "jshint": {
          "version": "0.9.1",
          "from": "jshint@~0.9.1",
          "dependencies": {
            "cli": {
              "version": "0.4.3",
              "from": "cli@0.4.3",
              "dependencies": {
                "glob": {
                  "version": "3.2.1",
                  "from": "glob@>= 3.1.4",
                  "dependencies": {
                    "minimatch": {
                      "version": "0.2.12",
                      "from": "minimatch@~0.2.11",
                      "dependencies": {
                        "lru-cache": {
                          "version": "2.3.0",
                          "from": "lru-cache@2"
                        },
                        "sigmund": {
                          "version": "1.0.0",
                          "from": "sigmund@~1.0.0"
                        }
                      }
                    },
                    "graceful-fs": {
                      "version": "1.2.1",
                      "from": "graceful-fs@~1.2.0",
                      "resolved": "https://registry.npmjs.org/graceful-fs/-/graceful-fs-1.2.1.tgz"
                    },
                    "inherits": {
                      "version": "1.0.0",
                      "from": "inherits@1"
                    }
                  }
                }
              }
            },
            "minimatch": {
              "version": "0.0.5",
              "from": "minimatch@0.0.x",
              "dependencies": {
                "lru-cache": {
                  "version": "1.0.6",
                  "from": "lru-cache@~1.0.2"
                }
              }
            }
          }
        },
        "nodeunit": {
          "version": "0.7.4",
          "from": "nodeunit@~0.7.4",
          "dependencies": {
            "tap": {
              "version": "0.4.2",
              "from": "tap@>=0.2.3",
              "resolved": "https://registry.npmjs.org/tap/-/tap-0.4.2.tgz",
              "dependencies": {
                "inherits": {
                  "version": "1.0.0"
                },
                "yamlish": {
                  "version": "0.0.5"
                },
                "slide": {
                  "version": "1.1.4",
                  "from": "slide@*",
                  "resolved": "https://registry.npmjs.org/slide/-/slide-1.1.4.tgz"
                },
                "runforcover": {
                  "version": "0.0.2",
                  "from": "runforcover@~0.0.2",
                  "dependencies": {
                    "bunker": {
                      "version": "0.1.2",
                      "from": "bunker@0.1.X",
                      "dependencies": {
                        "burrito": {
                          "version": "0.2.12",
                          "from": "burrito@>=0.2.5 <0.3",
                          "dependencies": {
                            "traverse": {
                              "version": "0.5.2",
                              "from": "traverse@~0.5.1"
                            },
                            "uglify-js": {
                              "version": "1.1.1",
                              "from": "uglify-js@~1.1.1"
                            }
                          }
                        }
                      }
                    }
                  }
                },
                "nopt": {
                  "version": "2.1.1",
                  "from": "nopt@~2",
                  "dependencies": {
                    "abbrev": {
                      "version": "1.0.4",
                      "from": "abbrev@1"
                    }
                  }
                },
                "mkdirp": {
                  "version": "0.3.5",
                  "from": "mkdirp@~0.3"
                },
                "difflet": {
                  "version": "0.2.5",
                  "from": "difflet@~0.2.0",
                  "dependencies": {
                    "traverse": {
                      "version": "0.6.3",
                      "from": "traverse@0.6.x"
                    },
                    "charm": {
                      "version": "0.0.8",
                      "from": "charm@0.0.x"
                    },
                    "deep-is": {
                      "version": "0.1.1",
                      "from": "deep-is@0.1.x"
                    }
                  }
                },
                "deep-equal": {
                  "version": "0.0.0",
                  "from": "deep-equal@~0.0.0"
                },
                "buffer-equal": {
                  "version": "0.0.0",
                  "from": "buffer-equal@~0.0.0"
                },
                "glob": {
                  "version": "3.2.1",
                  "from": "glob@~3.2.1",
                  "dependencies": {
                    "minimatch": {
                      "version": "0.2.12",
                      "from": "minimatch@~0.2.11",
                      "dependencies": {
                        "lru-cache": {
                          "version": "2.3.0",
                          "from": "lru-cache@2"
                        },
                        "sigmund": {
                          "version": "1.0.0",
                          "from": "sigmund@~1.0.0"
                        }
                      }
                    },
                    "graceful-fs": {
                      "version": "1.2.1",
                      "from": "graceful-fs@~1.2.0",
                      "resolved": "https://registry.npmjs.org/graceful-fs/-/graceful-fs-1.2.1.tgz"
                    },
                    "inherits": {
                      "version": "1.0.0",
                      "from": "inherits@1"
                    }
                  }
                }
              }
            }
          }
        },
        "nopt": {
          "version": "1.0.10",
          "from": "nopt@~1.0.10",
          "dependencies": {
            "abbrev": {
              "version": "1.0.4",
              "from": "abbrev@1"
            }
          }
        },
        "semver": {
          "version": "1.0.14",
          "from": "semver@~1.0.13"
        },
        "uglify-js": {
          "version": "1.3.4",
          "from": "uglify-js@~1.3.3"
        },
        "underscore": {
          "version": "1.2.4",
          "from": "underscore@~1.2.4"
        },
        "underscore.string": {
          "version": "2.1.1",
          "from": "underscore.string@~2.1.1"
        },
        "temporary": {
          "version": "0.0.5",
          "from": "temporary@~0.0.4",
          "dependencies": {
            "package": {
              "version": "1.0.1",
              "from": "package@>= 1.0.0 < 1.2.0"
            }
          }
        },
        "gzip-js": {
          "version": "0.3.2",
          "from": "gzip-js@~0.3.1",
          "resolved": "https://registry.npmjs.org/gzip-js/-/gzip-js-0.3.2.tgz",
          "dependencies": {
            "crc32": {
              "version": "0.2.2",
              "from": "crc32@>= 0.2.2"
            },
            "deflate-js": {
              "version": "0.2.3",
              "from": "deflate-js@>= 0.2.2",
              "resolved": "https://registry.npmjs.org/deflate-js/-/deflate-js-0.2.3.tgz"
            }
          }
        }
      }
    },
    "grunt-modernizr": {
      "version": "0.2.2",
      "from": "grunt-modernizr@~0.2.x",
      "dependencies": {
        "uglify-js": {
          "version": "1.3.3",
          "from": "uglify-js@1.3.3",
          "resolved": "https://registry.npmjs.org/uglify-js/-/uglify-js-1.3.3.tgz"
        },
        "promised-io": {
          "version": "0.3.3",
          "from": "promised-io@0.3.x"
        }
      }
    },
    "statix": {
      "version": "2.0.2",
      "from": "statix@>=2.0.0",
      "resolved": "https://registry.npmjs.org/statix/-/statix-2.0.2.tgz",
      "dependencies": {
        "express": {
          "version": "2.5.11",
          "from": "express@2.5.11",
          "resolved": "https://registry.npmjs.org/express/-/express-2.5.11.tgz",
          "dependencies": {
            "connect": {
              "version": "1.9.2",
              "from": "connect@1.9.2",
              "resolved": "https://registry.npmjs.org/connect/-/connect-1.9.2.tgz",
              "dependencies": {
                "formidable": {
                  "version": "1.0.13",
                  "from": "formidable@1.0.13",
                  "resolved": "https://registry.npmjs.org/formidable/-/formidable-1.0.13.tgz"
                }
              }
            },
            "mime": {
              "version": "1.2.4",
              "from": "mime@1.2.4"
            },
            "qs": {
              "version": "0.4.2",
              "from": "qs@0.4.2",
              "resolved": "https://registry.npmjs.org/qs/-/qs-0.4.2.tgz"
            },
            "mkdirp": {
              "version": "0.3.0",
              "from": "mkdirp@0.3.0"
            }
          }
        },
        "consolidate": {
          "version": "0.4.0",
          "from": "consolidate@0.4.0",
          "resolved": "https://registry.npmjs.org/consolidate/-/consolidate-0.4.0.tgz"
        },
        "swig": {
          "version": "0.13.5",
          "from": "swig@0.13.5",
          "resolved": "https://registry.npmjs.org/swig/-/swig-0.13.5.tgz",
          "dependencies": {
            "underscore": {
              "version": "1.4.4",
              "from": "underscore@1.4.4",
              "resolved": "https://registry.npmjs.org/underscore/-/underscore-1.4.4.tgz"
            }
          }
        },
        "npm": {
          "version": "1.1.71",
          "from": "npm@1.1.71",
          "resolved": "https://registry.npmjs.org/npm/-/npm-1.1.71.tgz",
          "dependencies": {
            "semver": {
              "version": "1.1.2",
              "from": "semver@latest"
            },
            "ini": {
              "version": "1.0.5",
              "from": "ini@latest"
            },
            "slide": {
              "version": "1.1.3"
            },
            "abbrev": {
              "version": "1.0.3"
            },
            "graceful-fs": {
              "version": "1.1.14",
              "from": "graceful-fs@~1.1.1"
            },
            "minimatch": {
              "version": "0.2.9",
              "from": "minimatch@~0.2.8",
              "dependencies": {
                "sigmund": {
                  "version": "1.0.0",
                  "from": "sigmund@~1.0.0"
                }
              }
            },
            "nopt": {
              "version": "2.0.0",
              "from": "nopt@latest"
            },
            "rimraf": {
              "version": "2.1.1",
              "from": "rimraf@2.1.1"
            },
            "request": {
              "version": "2.9.203",
              "from": "git://github.com/isaacs/request"
            },
            "which": {
              "version": "1.0.5",
              "from": "which@1"
            },
            "tar": {
              "version": "0.1.14",
              "from": "tar@~0.1.12"
            },
            "fstream": {
              "version": "0.1.21",
              "from": "fstream@latest"
            },
            "block-stream": {
              "version": "0.0.6",
              "from": "block-stream@*"
            },
            "inherits": {
              "version": "1.0.0",
              "from": "git://github.com/isaacs/inherits"
            },
            "mkdirp": {
              "version": "0.3.4",
              "from": "mkdirp@~0.3.3"
            },
            "read": {
              "version": "1.0.4",
              "from": "read@~1.0.3",
              "dependencies": {
                "mute-stream": {
                  "version": "0.0.3",
                  "from": "mute-stream@~0.0.2"
                }
              }
            },
            "lru-cache": {
              "version": "2.0.4",
              "from": "lru-cache@~2.0.0"
            },
            "node-gyp": {
              "version": "0.8.2",
              "from": "node-gyp@~0.8.1"
            },
            "fstream-npm": {
              "version": "0.1.3",
              "from": "fstream-npm@latest",
              "dependencies": {
                "fstream-ignore": {
                  "version": "0.0.5",
                  "from": "fstream-ignore@~0.0.5"
                }
              }
            },
            "uid-number": {
              "version": "0.0.3",
              "from": "../uid-number"
            },
            "archy": {
              "version": "0.0.2",
              "from": "archy@0.0.2"
            },
            "chownr": {
              "version": "0.0.1",
              "from": "../chownr"
            },
            "npmlog": {
              "version": "0.0.2",
              "from": "npmlog@0"
            },
            "ansi": {
              "version": "0.1.2",
              "from": "ansi@~0.1.2"
            },
            "npm-registry-client": {
              "version": "0.2.11",
              "from": "npm-registry-client@0.2.11",
              "dependencies": {
                "couch-login": {
                  "version": "0.1.15",
                  "from": "couch-login@~0.1.15"
                }
              }
            },
            "read-package-json": {
              "version": "0.1.12",
              "from": "read-package-json@latest"
            },
            "read-installed": {
              "version": "0.0.4",
              "from": "read-installed@latest"
            },
            "glob": {
              "version": "3.1.14",
              "from": "glob@3.1.14"
            },
            "init-package-json": {
              "version": "0.0.6",
              "from": "init-package-json@0.0.6",
              "dependencies": {
                "promzard": {
                  "version": "0.2.0",
                  "from": "promzard@~0.2.0"
                }
              }
            },
            "osenv": {
              "version": "0.0.3",
              "from": "osenv@latest"
            },
            "lockfile": {
              "version": "0.2.1",
              "from": "lockfile@>=0.2"
            },
            "retry": {
              "version": "0.6.0",
              "from": "retry"
            },
            "once": {
              "version": "1.1.1",
              "from": "once"
            },
            "npmconf": {
              "version": "0.0.16",
              "from": "npmconf@0",
              "dependencies": {
                "config-chain": {
                  "version": "1.1.3",
                  "from": "config-chain@~1.1.1",
                  "dependencies": {
                    "proto-list": {
                      "version": "1.2.2",
                      "from": "proto-list@~1.2.1"
                    }
                  }
                }
              }
            },
            "opener": {
              "version": "1.3.0",
              "from": "opener@latest"
            }
          }
        },
        "supervisor": {
          "version": "0.4.1",
          "from": "supervisor@0.4.1",
          "resolved": "https://registry.npmjs.org/supervisor/-/supervisor-0.4.1.tgz"
        }
      }
    }
  }
}
